// !$*UTF8*$!
{
	archiveVersion = 1;
	classes = {
	};
	objectVersion = 55;
	objects = {

/* Begin PBXBuildFile section */
		525F98C328DD773600ECE4CD /* AppDelegate.swift in Sources */ = {isa = PBXBuildFile; fileRef = 525F98C228DD773600ECE4CD /* AppDelegate.swift */; };
		525F98C528DD773600ECE4CD /* SceneDelegate.swift in Sources */ = {isa = PBXBuildFile; fileRef = 525F98C428DD773600ECE4CD /* SceneDelegate.swift */; };
		525F98C728DD773600ECE4CD /* ViewController.swift in Sources */ = {isa = PBXBuildFile; fileRef = 525F98C628DD773600ECE4CD /* ViewController.swift */; };
		525F98CA28DD773600ECE4CD /* Main.storyboard in Resources */ = {isa = PBXBuildFile; fileRef = 525F98C828DD773600ECE4CD /* Main.storyboard */; };
		525F98CD28DD773600ECE4CD /* noteBookTWGreenData.xcdatamodeld in Sources */ = {isa = PBXBuildFile; fileRef = 525F98CB28DD773600ECE4CD /* noteBookTWGreenData.xcdatamodeld */; };
		525F98CF28DD773900ECE4CD /* Assets.xcassets in Resources */ = {isa = PBXBuildFile; fileRef = 525F98CE28DD773900ECE4CD /* Assets.xcassets */; };
		525F98D228DD773900ECE4CD /* LaunchScreen.storyboard in Resources */ = {isa = PBXBuildFile; fileRef = 525F98D028DD773900ECE4CD /* LaunchScreen.storyboard */; };
/* End PBXBuildFile section */

/* Begin PBXFileReference section */
		525F98BF28DD773600ECE4CD /* noteBookTWGreenData.app */ = {isa = PBXFileReference; explicitFileType = wrapper.application; includeInIndex = 0; path = noteBookTWGreenData.app; sourceTree = BUILT_PRODUCTS_DIR; };
		525F98C228DD773600ECE4CD /* AppDelegate.swift */ = {isa = PBXFileReference; lastKnownFileType = sourcecode.swift; path = AppDelegate.swift; sourceTree = "<group>"; };
		525F98C428DD773600ECE4CD /* SceneDelegate.swift */ = {isa = PBXFileReference; lastKnownFileType = sourcecode.swift; path = SceneDelegate.swift; sourceTree = "<group>"; };
		525F98C628DD773600ECE4CD /* ViewController.swift */ = {isa = PBXFileReference; lastKnownFileType = sourcecode.swift; path = ViewController.swift; sourceTree = "<group>"; };
		525F98C928DD773600ECE4CD /* Base */ = {isa = PBXFileReference; lastKnownFileType = file.storyboard; name = Base; path = Base.lproj/Main.storyboard; sourceTree = "<group>"; };
		525F98CC28DD773600ECE4CD /* noteBookTWGreenData.xcdatamodel */ = {isa = PBXFileReference; lastKnownFileType = wrapper.xcdatamodel; path = noteBookTWGreenData.xcdatamodel; sourceTree = "<group>"; };
		525F98CE28DD773900ECE4CD /* Assets.xcassets */ = {isa = PBXFileReference; lastKnownFileType = folder.assetcatalog; path = Assets.xcassets; sourceTree = "<group>"; };
		525F98D128DD773900ECE4CD /* Base */ = {isa = PBXFileReference; lastKnownFileType = file.storyboard; name = Base; path = Base.lproj/LaunchScreen.storyboard; sourceTree = "<group>"; };
		525F98D328DD773900ECE4CD /* Info.plist */ = {isa = PBXFileReference; lastKnownFileType = text.plist.xml; path = Info.plist; sourceTree = "<group>"; };
/* End PBXFileReference section */

/* Begin PBXFrameworksBuildPhase section */
		525F98BC28DD773600ECE4CD /* Frameworks */ = {
			isa = PBXFrameworksBuildPhase;
			buildActionMask = 2147483647;
			files = (
			);
			runOnlyForDeploymentPostprocessing = 0;
		};
/* End PBXFrameworksBuildPhase section */

/* Begin PBXGroup section */
		525F98B628DD773600ECE4CD = {
			isa = PBXGroup;
			children = (
				525F98C128DD773600ECE4CD /* noteBookTWGreenData */,
				525F98C028DD773600ECE4CD /* Products */,
			);
			sourceTree = "<group>";
		};
		525F98C028DD773600ECE4CD /* Products */ = {
			isa = PBXGroup;
			children = (
				525F98BF28DD773600ECE4CD /* noteBookTWGreenData.app */,
			);
			name = Products;
			sourceTree = "<group>";
		};
		525F98C128DD773600ECE4CD /* noteBookTWGreenData */ = {
			isa = PBXGroup;
			children = (
				525F98C228DD773600ECE4CD /* AppDelegate.swift */,
				525F98C428DD773600ECE4CD /* SceneDelegate.swift */,
				525F98C628DD773600ECE4CD /* ViewController.swift */,
				525F98C828DD773600ECE4CD /* Main.storyboard */,
				525F98CE28DD773900ECE4CD /* Assets.xcassets */,
				525F98D028DD773900ECE4CD /* LaunchScreen.storyboard */,
				525F98D328DD773900ECE4CD /* Info.plist */,
				525F98CB28DD773600ECE4CD /* noteBookTWGreenData.xcdatamodeld */,
			);
			path = noteBookTWGreenData;
			sourceTree = "<group>";
		};
/* End PBXGroup section */

/* Begin PBXNativeTarget section */
		525F98BE28DD773600ECE4CD /* noteBookTWGreenData */ = {
			isa = PBXNativeTarget;
			buildConfigurationList = 525F98D628DD773900ECE4CD /* Build configuration list for PBXNativeTarget "noteBookTWGreenData" */;
			buildPhases = (
				525F98BB28DD773600ECE4CD /* Sources */,
				525F98BC28DD773600ECE4CD /* Frameworks */,
				525F98BD28DD773600ECE4CD /* Resources */,
			);
			buildRules = (
			);
			dependencies = (
			);
			name = noteBookTWGreenData;
			productName = noteBookTWGreenData;
			productReference = 525F98BF28DD773600ECE4CD /* noteBookTWGreenData.app */;
			productType = "com.apple.product-type.application";
		};
/* End PBXNativeTarget section */

/* Begin PBXProject section */
		525F98B728DD773600ECE4CD /* Project object */ = {
			isa = PBXProject;
			attributes = {
				BuildIndependentTargetsInParallel = 1;
				LastSwiftUpdateCheck = 1320;
				LastUpgradeCheck = 1320;
				TargetAttributes = {
					525F98BE28DD773600ECE4CD = {
						CreatedOnToolsVersion = 13.2.1;
					};
				};
			};
			buildConfigurationList = 525F98BA28DD773600ECE4CD /* Build configuration list for PBXProject "noteBookTWGreenData" */;
			compatibilityVersion = "Xcode 13.0";
			developmentRegion = en;
			hasScannedForEncodings = 0;
			knownRegions = (
				en,
				Base,
			);
			mainGroup = 525F98B628DD773600ECE4CD;
			productRefGroup = 525F98C028DD773600ECE4CD /* Products */;
			projectDirPath = "";
			projectRoot = "";
			targets = (
				525F98BE28DD773600ECE4CD /* noteBookTWGreenData */,
			);
		};
/* End PBXProject section */

/* Begin PBXResourcesBuildPhase section */
		525F98BD28DD773600ECE4CD /* Resources */ = {
			isa = PBXResourcesBuildPhase;
			buildActionMask = 2147483647;
			files = (
				525F98D228DD773900ECE4CD /* LaunchScreen.storyboard in Resources */,
				525F98CF28DD773900ECE4CD /* Assets.xcassets in Resources */,
				525F98CA28DD773600ECE4CD /* Main.storyboard in Resources */,
			);
			runOnlyForDeploymentPostprocessing = 0;
		};
/* End PBXResourcesBuildPhase section */

/* Begin PBXSourcesBuildPhase section */
		525F98BB28DD773600ECE4CD /* Sources */ = {
			isa = PBXSourcesBuildPhase;
			buildActionMask = 2147483647;
			files = (
				525F98C728DD773600ECE4CD /* ViewController.swift in Sources */,
				525F98C328DD773600ECE4CD /* AppDelegate.swift in Sources */,
				525F98CD28DD773600ECE4CD /* noteBookTWGreenData.xcdatamodeld in Sources */,
				525F98C528DD773600ECE4CD /* SceneDelegate.swift in Sources */,
			);
			runOnlyForDeploymentPostprocessing = 0;
		};
/* End PBXSourcesBuildPhase section */

/* Begin PBXVariantGroup section */
		525F98C828DD773600ECE4CD /* Main.storyboard */ = {
			isa = PBXVariantGroup;
			children = (
				525F98C928DD773600ECE4CD /* Base */,
			);
			name = Main.storyboard;
			sourceTree = "<group>";
		};
		525F98D028DD773900ECE4CD /* LaunchScreen.storyboard */ = {
			isa = PBXVariantGroup;
			children = (
				525F98D128DD773900ECE4CD /* Base */,
			);
			name = LaunchScreen.storyboard;
			sourceTree = "<group>";
		};
/* End PBXVariantGroup section */

/* Begin XCBuildConfiguration section */
		525F98D428DD773900ECE4CD /* Debug */ = {
			isa = XCBuildConfiguration;
			buildSettings = {
				ALWAYS_SEARCH_USER_PATHS = NO;
				CLANG_ANALYZER_NONNULL = YES;
				CLANG_ANALYZER_NUMBER_OBJECT_CONVERSION = YES_AGGRESSIVE;
				CLANG_CXX_LANGUAGE_STANDARD = "gnu++17";
				CLANG_CXX_LIBRARY = "libc++";
				CLANG_ENABLE_MODULES = YES;
				CLANG_ENABLE_OBJC_ARC = YES;
				CLANG_ENABLE_OBJC_WEAK = YES;
				CLANG_WARN_BLOCK_CAPTURE_AUTORELEASING = YES;
				CLANG_WARN_BOOL_CONVERSION = YES;
				CLANG_WARN_COMMA = YES;
				CLANG_WARN_CONSTANT_CONVERSION = YES;
				CLANG_WARN_DEPRECATED_OBJC_IMPLEMENTATIONS = YES;
				CLANG_WARN_DIRECT_OBJC_ISA_USAGE = YES_ERROR;
				CLANG_WARN_DOCUMENTATION_COMMENTS = YES;
				CLANG_WARN_EMPTY_BODY = YES;
				CLANG_WARN_ENUM_CONVERSION = YES;
				CLANG_WARN_INFINITE_RECURSION = YES;
				CLANG_WARN_INT_CONVERSION = YES;
				CLANG_WARN_NON_LITERAL_NULL_CONVERSION = YES;
				CLANG_WARN_OBJC_IMPLICIT_RETAIN_SELF = YES;
				CLANG_WARN_OBJC_LITERAL_CONVERSION = YES;
				CLANG_WARN_OBJC_ROOT_CLASS = YES_ERROR;
				CLANG_WARN_QUOTED_INCLUDE_IN_FRAMEWORK_HEADER = YES;
				CLANG_WARN_RANGE_LOOP_ANALYSIS = YES;
				CLANG_WARN_STRICT_PROTOTYPES = YES;
				CLANG_WARN_SUSPICIOUS_MOVE = YES;
				CLANG_WARN_UNGUARDED_AVAILABILITY = YES_AGGRESSIVE;
				CLANG_WARN_UNREACHABLE_CODE = YES;
				CLANG_WARN__DUPLICATE_METHOD_MATCH = YES;
				COPY_PHASE_STRIP = NO;
				DEBUG_INFORMATION_FORMAT = dwarf;
				ENABLE_STRICT_OBJC_MSGSEND = YES;
				ENABLE_TESTABILITY = YES;
				GCC_C_LANGUAGE_STANDARD = gnu11;
				GCC_DYNAMIC_NO_PIC = NO;
				GCC_NO_COMMON_BLOCKS = YES;
				GCC_OPTIMIZATION_LEVEL = 0;
				GCC_PREPROCESSOR_DEFINITIONS = (
					"DEBUG=1",
					"$(inherited)",
				);
				GCC_WARN_64_TO_32_BIT_CONVERSION = YES;
				GCC_WARN_ABOUT_RETURN_TYPE = YES_ERROR;
				GCC_WARN_UNDECLARED_SELECTOR = YES;
				GCC_WARN_UNINITIALIZED_AUTOS = YES_AGGRESSIVE;
				GCC_WARN_UNUSED_FUNCTION = YES;
				GCC_WARN_UNUSED_VARIABLE = YES;
				IPHONEOS_DEPLOYMENT_TARGET = 15.2;
				MTL_ENABLE_DEBUG_INFO = INCLUDE_SOURCE;
				MTL_FAST_MATH = YES;
				ONLY_ACTIVE_ARCH = YES;
				SDKROOT = iphoneos;
				SWIFT_ACTIVE_COMPILATION_CONDITIONS = DEBUG;
				SWIFT_OPTIMIZATION_LEVEL = "-Onone";
			};
			name = Debug;
		};
		525F98D528DD773900ECE4CD /* Release */ = {
			isa = XCBuildConfiguration;
			buildSettings = {
				ALWAYS_SEARCH_USER_PATHS = NO;
				CLANG_ANALYZER_NONNULL = YES;
				CLANG_ANALYZER_NUMBER_OBJECT_CONVERSION = YES_AGGRESSIVE;
				CLANG_CXX_LANGUAGE_STANDARD = "gnu++17";
				CLANG_CXX_LIBRARY = "libc++";
				CLANG_ENABLE_MODULES = YES;
				CLANG_ENABLE_OBJC_ARC = YES;
				CLANG_ENABLE_OBJC_WEAK = YES;
				CLANG_WARN_BLOCK_CAPTURE_AUTORELEASING = YES;
				CLANG_WARN_BOOL_CONVERSION = YES;
				CLANG_WARN_COMMA = YES;
				CLANG_WARN_CONSTANT_CONVERSION = YES;
				CLANG_WARN_DEPRECATED_OBJC_IMPLEMENTATIONS = YES;
				CLANG_WARN_DIRECT_OBJC_ISA_USAGE = YES_ERROR;
				CLANG_WARN_DOCUMENTATION_COMMENTS = YES;
				CLANG_WARN_EMPTY_BODY = YES;
				CLANG_WARN_ENUM_CONVERSION = YES;
				CLANG_WARN_INFINITE_RECURSION = YES;
				CLANG_WARN_INT_CONVERSION = YES;
				CLANG_WARN_NON_LITERAL_NULL_CONVERSION = YES;
				CLANG_WARN_OBJC_IMPLICIT_RETAIN_SELF = YES;
				CLANG_WARN_OBJC_LITERAL_CONVERSION = YES;
				CLANG_WARN_OBJC_ROOT_CLASS = YES_ERROR;
				CLANG_WARN_QUOTED_INCLUDE_IN_FRAMEWORK_HEADER = YES;
				CLANG_WARN_RANGE_LOOP_ANALYSIS = YES;
				CLANG_WARN_STRICT_PROTOTYPES = YES;
				CLANG_WARN_SUSPICIOUS_MOVE = YES;
				CLANG_WARN_UNGUARDED_AVAILABILITY = YES_AGGRESSIVE;
				CLANG_WARN_UNREACHABLE_CODE = YES;
				CLANG_WARN__DUPLICATE_METHOD_MATCH = YES;
				COPY_PHASE_STRIP = NO;
				DEBUG_INFORMATION_FORMAT = "dwarf-with-dsym";
				ENABLE_NS_ASSERTIONS = NO;
				ENABLE_STRICT_OBJC_MSGSEND = YES;
				GCC_C_LANGUAGE_STANDARD = gnu11;
				GCC_NO_COMMON_BLOCKS = YES;
				GCC_WARN_64_TO_32_BIT_CONVERSION = YES;
				GCC_WARN_ABOUT_RETURN_TYPE = YES_ERROR;
				GCC_WARN_UNDECLARED_SELECTOR = YES;
				GCC_WARN_UNINITIALIZED_AUTOS = YES_AGGRESSIVE;
				GCC_WARN_UNUSED_FUNCTION = YES;
				GCC_WARN_UNUSED_VARIABLE = YES;
				IPHONEOS_DEPLOYMENT_TARGET = 15.2;
				MTL_ENABLE_DEBUG_INFO = NO;
				MTL_FAST_MATH = YES;
				SDKROOT = iphoneos;
				SWIFT_COMPILATION_MODE = wholemodule;
				SWIFT_OPTIMIZATION_LEVEL = "-O";
				VALIDATE_PRODUCT = YES;
			};
			name = Release;
		};
		525F98D728DD773900ECE4CD /* Debug */ = {
			isa = XCBuildConfiguration;
			buildSettings = {
				ASSETCATALOG_COMPILER_APPICON_NAME = AppIcon;
				ASSETCATALOG_COMPILER_GLOBAL_ACCENT_COLOR_NAME = AccentColor;
				CODE_SIGN_STYLE = Automatic;
				CURRENT_PROJECT_VERSION = 1;
				DEVELOPMENT_TEAM = 7QYBSPPC5D;
				GENERATE_INFOPLIST_FILE = YES;
				INFOPLIST_FILE = noteBookTWGreenData/Info.plist;
				INFOPLIST_KEY_UIApplicationSupportsIndirectInputEvents = YES;
				INFOPLIST_KEY_UILaunchStoryboardName = LaunchScreen;
				INFOPLIST_KEY_UIMainStoryboardFile = Main;
				INFOPLIST_KEY_UISupportedInterfaceOrientations_iPad = "UIInterfaceOrientationPortrait UIInterfaceOrientationPortraitUpsideDown UIInterfaceOrientationLandscapeLeft UIInterfaceOrientationLandscapeRight";
				INFOPLIST_KEY_UISupportedInterfaceOrientations_iPhone = "UIInterfaceOrientationPortrait UIInterfaceOrientationLandscapeLeft UIInterfaceOrientationLandscapeRight";
				LD_RUNPATH_SEARCH_PATHS = (
					"$(inherited)",
					"@executable_path/Frameworks",
				);
				MARKETING_VERSION = 1.0;
				PRODUCT_BUNDLE_IDENTIFIER = Igdisanov.noteBookTWGreenData;
				PRODUCT_NAME = "$(TARGET_NAME)";
				SWIFT_EMIT_LOC_STRINGS = YES;
				SWIFT_VERSION = 5.0;
				TARGETED_DEVICE_FAMILY = "1,2";
			};
			name = Debug;
		};
		525F98D828DD773900ECE4CD /* Release */ = {
			isa = XCBuildConfiguration;
			buildSettings = {
				ASSETCATALOG_COMPILER_APPICON_NAME = AppIcon;
				ASSETCATALOG_COMPILER_GLOBAL_ACCENT_COLOR_NAME = AccentColor;
				CODE_SIGN_STYLE = Automatic;
				CURRENT_PROJECT_VERSION = 1;
				DEVELOPMENT_TEAM = 7QYBSPPC5D;
				GENERATE_INFOPLIST_FILE = YES;
				INFOPLIST_FILE = noteBookTWGreenData/Info.plist;
				INFOPLIST_KEY_UIApplicationSupportsIndirectInputEvents = YES;
				INFOPLIST_KEY_UILaunchStoryboardName = LaunchScreen;
				INFOPLIST_KEY_UIMainStoryboardFile = Main;
				INFOPLIST_KEY_UISupportedInterfaceOrientations_iPad = "UIInterfaceOrientationPortrait UIInterfaceOrientationPortraitUpsideDown UIInterfaceOrientationLandscapeLeft UIInterfaceOrientationLandscapeRight";
				INFOPLIST_KEY_UISupportedInterfaceOrientations_iPhone = "UIInterfaceOrientationPortrait UIInterfaceOrientationLandscapeLeft UIInterfaceOrientationLandscapeRight";
				LD_RUNPATH_SEARCH_PATHS = (
					"$(inherited)",
					"@executable_path/Frameworks",
				);
				MARKETING_VERSION = 1.0;
				PRODUCT_BUNDLE_IDENTIFIER = Igdisanov.noteBookTWGreenData;
				PRODUCT_NAME = "$(TARGET_NAME)";
				SWIFT_EMIT_LOC_STRINGS = YES;
				SWIFT_VERSION = 5.0;
				TARGETED_DEVICE_FAMILY = "1,2";
			};
			name = Release;
		};
/* End XCBuildConfiguration section */

/* Begin XCConfigurationList section */
		525F98BA28DD773600ECE4CD /* Build configuration list for PBXProject "noteBookTWGreenData" */ = {
			isa = XCConfigurationList;
			buildConfigurations = (
				525F98D428DD773900ECE4CD /* Debug */,
				525F98D528DD773900ECE4CD /* Release */,
			);
			defaultConfigurationIsVisible = 0;
			defaultConfigurationName = Release;
		};
		525F98D628DD773900ECE4CD /* Build configuration list for PBXNativeTarget "noteBookTWGreenData" */ = {
			isa = XCConfigurationList;
			buildConfigurations = (
				525F98D728DD773900ECE4CD /* Debug */,
				525F98D828DD773900ECE4CD /* Release */,
			);
			defaultConfigurationIsVisible = 0;
			defaultConfigurationName = Release;
		};
/* End XCConfigurationList section */

/* Begin XCVersionGroup section */
		525F98CB28DD773600ECE4CD /* noteBookTWGreenData.xcdatamodeld */ = {
			isa = XCVersionGroup;
			children = (
				525F98CC28DD773600ECE4CD /* noteBookTWGreenData.xcdatamodel */,
			);
			currentVersion = 525F98CC28DD773600ECE4CD /* noteBookTWGreenData.xcdatamodel */;
			path = noteBookTWGreenData.xcdatamodeld;
			sourceTree = "<group>";
			versionGroupType = wrapper.xcdatamodel;
		};
/* End XCVersionGroup section */
	};
	rootObject = 525F98B728DD773600ECE4CD /* Project object */;
}
